
Microsoft Visual Studio Solution File, Format Version 12.00
# Visual Studio 14
VisualStudioVersion = 14.0.24720.0
MinimumVisualStudioVersion = 10.0.40219.1
Project("{FAE04EC0-301F-11D3-BF4B-00C04F79EFBC}") = "Accounts_UnitTests", "Accounts_UnitTests\Accounts_UnitTests.csproj", "{B696D895-1B47-49DC-898A-2F2B17FA677D}"
EndProject
Project("{FAE04EC0-301F-11D3-BF4B-00C04F79EFBC}") = "AccountsManager", "AccountsManager\AccountsManager.csproj", "{6DE83119-276B-42EB-8E8D-00C9E4D9F87E}"
EndProject
Project("{FAE04EC0-301F-11D3-BF4B-00C04F79EFBC}") = "Example", "Example\Example.csproj", "{3BA4F26D-C8FF-47FB-8FBC-2BCADABFBCB1}"
EndProject
Project("{FAE04EC0-301F-11D3-BF4B-00C04F79EFBC}") = "Accounts_TestData", "TestData\Accounts_TestData.csproj", "{C84CCB02-3453-43C5-83FB-6E6FBAA08550}"
EndProject
Global
	GlobalSection(SolutionConfigurationPlatforms) = preSolution
		Debug|Any CPU = Debug|Any CPU
		Release|Any CPU = Release|Any CPU
	EndGlobalSection
	GlobalSection(ProjectConfigurationPlatforms) = postSolution
		{B696D895-1B47-49DC-898A-2F2B17FA677D}.Debug|Any CPU.ActiveCfg = Debug|Any CPU
		{B696D895-1B47-49DC-898A-2F2B17FA677D}.Debug|Any CPU.Build.0 = Debug|Any CPU
		{B696D895-1B47-49DC-898A-2F2B17FA677D}.Release|Any CPU.ActiveCfg = Release|Any CPU
		{B696D895-1B47-49DC-898A-2F2B17FA677D}.Release|Any CPU.Build.0 = Release|Any CPU
		{6DE83119-276B-42EB-8E8D-00C9E4D9F87E}.Debug|Any CPU.ActiveCfg = Debug|Any CPU
		{6DE83119-276B-42EB-8E8D-00C9E4D9F87E}.Debug|Any CPU.Build.0 = Debug|Any CPU
		{6DE83119-276B-42EB-8E8D-00C9E4D9F87E}.Release|Any CPU.ActiveCfg = Release|Any CPU
		{6DE83119-276B-42EB-8E8D-00C9E4D9F87E}.Release|Any CPU.Build.0 = Release|Any CPU
		{3BA4F26D-C8FF-47FB-8FBC-2BCADABFBCB1}.Debug|Any CPU.ActiveCfg = Debug|Any CPU
		{3BA4F26D-C8FF-47FB-8FBC-2BCADABFBCB1}.Debug|Any CPU.Build.0 = Debug|Any CPU
		{3BA4F26D-C8FF-47FB-8FBC-2BCADABFBCB1}.Release|Any CPU.ActiveCfg = Release|Any CPU
		{3BA4F26D-C8FF-47FB-8FBC-2BCADABFBCB1}.Release|Any CPU.Build.0 = Release|Any CPU
		{C84CCB02-3453-43C5-83FB-6E6FBAA08550}.Debug|Any CPU.ActiveCfg = Debug|Any CPU
		{C84CCB02-3453-43C5-83FB-6E6FBAA08550}.Debug|Any CPU.Build.0 = Debug|Any CPU
		{C84CCB02-3453-43C5-83FB-6E6FBAA08550}.Release|Any CPU.ActiveCfg = Release|Any CPU
		{C84CCB02-3453-43C5-83FB-6E6FBAA08550}.Release|Any CPU.Build.0 = Release|Any CPU
	EndGlobalSection
	GlobalSection(SolutionProperties) = preSolution
		HideSolutionNode = FALSE
	EndGlobalSection
EndGlobal
